
Microsoft Visual Studio Solution File, Format Version 12.00
# Visual Studio Version 17
VisualStudioVersion = 17.9.34616.47
MinimumVisualStudioVersion = 10.0.40219.1
Project("{FAE04EC0-301F-11D3-BF4B-00C04F79EFBC}") = "NEA Rest API", "NEA Rest API\NEA Rest API.csproj", "{87E176FC-E082-4E30-8B41-77544B3B2B12}"
EndProject
Global
	GlobalSection(SolutionConfigurationPlatforms) = preSolution
		Debug|Any CPU = Debug|Any CPU
		Release|Any CPU = Release|Any CPU
	EndGlobalSection
	GlobalSection(ProjectConfigurationPlatforms) = postSolution
		{87E176FC-E082-4E30-8B41-77544B3B2B12}.Debug|Any CPU.ActiveCfg = Debug|Any CPU
		{87E176FC-E082-4E30-8B41-77544B3B2B12}.Debug|Any CPU.Build.0 = Debug|Any CPU
		{87E176FC-E082-4E30-8B41-77544B3B2B12}.Release|Any CPU.ActiveCfg = Release|Any CPU
		{87E176FC-E082-4E30-8B41-77544B3B2B12}.Release|Any CPU.Build.0 = Release|Any CPU
	EndGlobalSection
	GlobalSection(SolutionProperties) = preSolution
		HideSolutionNode = FALSE
	EndGlobalSection
	GlobalSection(ExtensibilityGlobals) = postSolution
		SolutionGuid = {2C0C792D-E826-4C34-B73F-9ABAD8640141}
	EndGlobalSection
EndGlobal
